// !$*UTF8*$!
{
	archiveVersion = 1;
	classes = {
	};
	objectVersion = 56;
	objects = {

/* Begin PBXBuildFile section */
		A300BF162B4D3E4F00DB2217 /* MapViewState.swift in Sources */ = {isa = PBXBuildFile; fileRef = A300BF152B4D3E4F00DB2217 /* MapViewState.swift */; };
		A300BF1B2B4D5BD500DB2217 /* RideRequestView.swift in Sources */ = {isa = PBXBuildFile; fileRef = A300BF1A2B4D5BD500DB2217 /* RideRequestView.swift */; };
		A35CFE0D2B4BBEC5004BCFBB /* UberSwiftApp.swift in Sources */ = {isa = PBXBuildFile; fileRef = A35CFE0C2B4BBEC5004BCFBB /* UberSwiftApp.swift */; };
		A35CFE112B4BBEC8004BCFBB /* Assets.xcassets in Resources */ = {isa = PBXBuildFile; fileRef = A35CFE102B4BBEC8004BCFBB /* Assets.xcassets */; };
		A35CFE152B4BBEC8004BCFBB /* Preview Assets.xcassets in Resources */ = {isa = PBXBuildFile; fileRef = A35CFE142B4BBEC8004BCFBB /* Preview Assets.xcassets */; };
		A35CFE262B4BC24F004BCFBB /* HomeView.swift in Sources */ = {isa = PBXBuildFile; fileRef = A35CFE252B4BC24F004BCFBB /* HomeView.swift */; };
		A35CFE282B4BC2EF004BCFBB /* UberMapViewRepresentable.swift in Sources */ = {isa = PBXBuildFile; fileRef = A35CFE272B4BC2EF004BCFBB /* UberMapViewRepresentable.swift */; };
		A35CFE2A2B4BC6A2004BCFBB /* LocationManager.swift in Sources */ = {isa = PBXBuildFile; fileRef = A35CFE292B4BC6A2004BCFBB /* LocationManager.swift */; };
		A35CFE312B4BEA28004BCFBB /* LocationSearchViewModel.swift in Sources */ = {isa = PBXBuildFile; fileRef = A35CFE302B4BEA28004BCFBB /* LocationSearchViewModel.swift */; };
		A35CFE342B4BEA45004BCFBB /* LocationActivationSearchView.swift in Sources */ = {isa = PBXBuildFile; fileRef = A35CFE332B4BEA45004BCFBB /* LocationActivationSearchView.swift */; };
		A35CFE362B4BED50004BCFBB /* MapViewActionButton.swift in Sources */ = {isa = PBXBuildFile; fileRef = A35CFE352B4BED50004BCFBB /* MapViewActionButton.swift */; };
		A35CFE382B4BEE4C004BCFBB /* LocationSearchView.swift in Sources */ = {isa = PBXBuildFile; fileRef = A35CFE372B4BEE4C004BCFBB /* LocationSearchView.swift */; };
		A35CFE3A2B4BF28A004BCFBB /* LocationSearchResultCell.swift in Sources */ = {isa = PBXBuildFile; fileRef = A35CFE392B4BF28A004BCFBB /* LocationSearchResultCell.swift */; };
/* End PBXBuildFile section */

/* Begin PBXFileReference section */
		A300BF152B4D3E4F00DB2217 /* MapViewState.swift */ = {isa = PBXFileReference; lastKnownFileType = sourcecode.swift; path = MapViewState.swift; sourceTree = "<group>"; };
		A300BF1A2B4D5BD500DB2217 /* RideRequestView.swift */ = {isa = PBXFileReference; lastKnownFileType = sourcecode.swift; path = RideRequestView.swift; sourceTree = "<group>"; };
		A35CFE092B4BBEC5004BCFBB /* UberSwift.app */ = {isa = PBXFileReference; explicitFileType = wrapper.application; includeInIndex = 0; path = UberSwift.app; sourceTree = BUILT_PRODUCTS_DIR; };
		A35CFE0C2B4BBEC5004BCFBB /* UberSwiftApp.swift */ = {isa = PBXFileReference; lastKnownFileType = sourcecode.swift; path = UberSwiftApp.swift; sourceTree = "<group>"; };
		A35CFE102B4BBEC8004BCFBB /* Assets.xcassets */ = {isa = PBXFileReference; lastKnownFileType = folder.assetcatalog; path = Assets.xcassets; sourceTree = "<group>"; };
		A35CFE122B4BBEC8004BCFBB /* UberSwift.entitlements */ = {isa = PBXFileReference; lastKnownFileType = text.plist.entitlements; path = UberSwift.entitlements; sourceTree = "<group>"; };
		A35CFE142B4BBEC8004BCFBB /* Preview Assets.xcassets */ = {isa = PBXFileReference; lastKnownFileType = folder.assetcatalog; path = "Preview Assets.xcassets"; sourceTree = "<group>"; };
		A35CFE252B4BC24F004BCFBB /* HomeView.swift */ = {isa = PBXFileReference; lastKnownFileType = sourcecode.swift; path = HomeView.swift; sourceTree = "<group>"; };
		A35CFE272B4BC2EF004BCFBB /* UberMapViewRepresentable.swift */ = {isa = PBXFileReference; lastKnownFileType = sourcecode.swift; path = UberMapViewRepresentable.swift; sourceTree = "<group>"; };
		A35CFE292B4BC6A2004BCFBB /* LocationManager.swift */ = {isa = PBXFileReference; lastKnownFileType = sourcecode.swift; path = LocationManager.swift; sourceTree = "<group>"; };
		A35CFE302B4BEA28004BCFBB /* LocationSearchViewModel.swift */ = {isa = PBXFileReference; lastKnownFileType = sourcecode.swift; path = LocationSearchViewModel.swift; sourceTree = "<group>"; };
		A35CFE332B4BEA45004BCFBB /* LocationActivationSearchView.swift */ = {isa = PBXFileReference; lastKnownFileType = sourcecode.swift; path = LocationActivationSearchView.swift; sourceTree = "<group>"; };
		A35CFE352B4BED50004BCFBB /* MapViewActionButton.swift */ = {isa = PBXFileReference; lastKnownFileType = sourcecode.swift; path = MapViewActionButton.swift; sourceTree = "<group>"; };
		A35CFE372B4BEE4C004BCFBB /* LocationSearchView.swift */ = {isa = PBXFileReference; lastKnownFileType = sourcecode.swift; path = LocationSearchView.swift; sourceTree = "<group>"; };
		A35CFE392B4BF28A004BCFBB /* LocationSearchResultCell.swift */ = {isa = PBXFileReference; lastKnownFileType = sourcecode.swift; path = LocationSearchResultCell.swift; sourceTree = "<group>"; };
/* End PBXFileReference section */

/* Begin PBXFrameworksBuildPhase section */
		A35CFE062B4BBEC5004BCFBB /* Frameworks */ = {
			isa = PBXFrameworksBuildPhase;
			buildActionMask = 2147483647;
			files = (
			);
			runOnlyForDeploymentPostprocessing = 0;
		};
/* End PBXFrameworksBuildPhase section */

/* Begin PBXGroup section */
		A300BF172B4D5BA800DB2217 /* Trips */ = {
			isa = PBXGroup;
			children = (
				A300BF192B4D5BB600DB2217 /* View */,
				A300BF182B4D5BAF00DB2217 /* ViewModel */,
			);
			path = Trips;
			sourceTree = "<group>";
		};
		A300BF182B4D5BAF00DB2217 /* ViewModel */ = {
			isa = PBXGroup;
			children = (
			);
			path = ViewModel;
			sourceTree = "<group>";
		};
		A300BF192B4D5BB600DB2217 /* View */ = {
			isa = PBXGroup;
			children = (
				A300BF1A2B4D5BD500DB2217 /* RideRequestView.swift */,
			);
			path = View;
			sourceTree = "<group>";
		};
		A35CFE002B4BBEC5004BCFBB = {
			isa = PBXGroup;
			children = (
				A35CFE0B2B4BBEC5004BCFBB /* UberSwift */,
				A35CFE0A2B4BBEC5004BCFBB /* Products */,
			);
			sourceTree = "<group>";
		};
		A35CFE0A2B4BBEC5004BCFBB /* Products */ = {
			isa = PBXGroup;
			children = (
				A35CFE092B4BBEC5004BCFBB /* UberSwift.app */,
			);
			name = Products;
			sourceTree = "<group>";
		};
		A35CFE0B2B4BBEC5004BCFBB /* UberSwift */ = {
			isa = PBXGroup;
			children = (
				A35CFE1B2B4BC1C3004BCFBB /* App */,
				A35CFE1C2B4BC1CA004BCFBB /* Core */,
				A35CFE1D2B4BC1D0004BCFBB /* Extensions */,
				A35CFE1E2B4BC1D9004BCFBB /* Managers */,
				A35CFE1F2B4BC1E1004BCFBB /* Models */,
				A35CFE102B4BBEC8004BCFBB /* Assets.xcassets */,
				A35CFE122B4BBEC8004BCFBB /* UberSwift.entitlements */,
				A35CFE132B4BBEC8004BCFBB /* Preview Content */,
			);
			path = UberSwift;
			sourceTree = "<group>";
		};
		A35CFE132B4BBEC8004BCFBB /* Preview Content */ = {
			isa = PBXGroup;
			children = (
				A35CFE142B4BBEC8004BCFBB /* Preview Assets.xcassets */,
			);
			path = "Preview Content";
			sourceTree = "<group>";
		};
		A35CFE1B2B4BC1C3004BCFBB /* App */ = {
			isa = PBXGroup;
			children = (
				A35CFE0C2B4BBEC5004BCFBB /* UberSwiftApp.swift */,
			);
			path = App;
			sourceTree = "<group>";
		};
		A35CFE1C2B4BC1CA004BCFBB /* Core */ = {
			isa = PBXGroup;
			children = (
				A300BF172B4D5BA800DB2217 /* Trips */,
				A35CFE2C2B4BE9FA004BCFBB /* LocationSearch */,
				A35CFE2B2B4BE9F1004BCFBB /* Home */,
			);
			path = Core;
			sourceTree = "<group>";
		};
		A35CFE1D2B4BC1D0004BCFBB /* Extensions */ = {
			isa = PBXGroup;
			children = (
			);
			path = Extensions;
			sourceTree = "<group>";
		};
		A35CFE1E2B4BC1D9004BCFBB /* Managers */ = {
			isa = PBXGroup;
			children = (
				A35CFE292B4BC6A2004BCFBB /* LocationManager.swift */,
			);
			path = Managers;
			sourceTree = "<group>";
		};
		A35CFE1F2B4BC1E1004BCFBB /* Models */ = {
			isa = PBXGroup;
			children = (
				A300BF152B4D3E4F00DB2217 /* MapViewState.swift */,
			);
			path = Models;
			sourceTree = "<group>";
		};
		A35CFE202B4BC21A004BCFBB /* ViewModels */ = {
			isa = PBXGroup;
			children = (
			);
			path = ViewModels;
			sourceTree = "<group>";
		};
		A35CFE212B4BC225004BCFBB /* Views */ = {
			isa = PBXGroup;
			children = (
				A35CFE252B4BC24F004BCFBB /* HomeView.swift */,
				A35CFE272B4BC2EF004BCFBB /* UberMapViewRepresentable.swift */,
				A35CFE352B4BED50004BCFBB /* MapViewActionButton.swift */,
			);
			path = Views;
			sourceTree = "<group>";
		};
		A35CFE2B2B4BE9F1004BCFBB /* Home */ = {
			isa = PBXGroup;
			children = (
				A35CFE212B4BC225004BCFBB /* Views */,
				A35CFE202B4BC21A004BCFBB /* ViewModels */,
			);
			path = Home;
			sourceTree = "<group>";
		};
		A35CFE2C2B4BE9FA004BCFBB /* LocationSearch */ = {
			isa = PBXGroup;
			children = (
				A35CFE2D2B4BEA01004BCFBB /* ViewModel */,
				A35CFE2E2B4BEA0C004BCFBB /* Views */,
			);
			path = LocationSearch;
			sourceTree = "<group>";
		};
		A35CFE2D2B4BEA01004BCFBB /* ViewModel */ = {
			isa = PBXGroup;
			children = (
				A35CFE302B4BEA28004BCFBB /* LocationSearchViewModel.swift */,
			);
			path = ViewModel;
			sourceTree = "<group>";
		};
		A35CFE2E2B4BEA0C004BCFBB /* Views */ = {
			isa = PBXGroup;
			children = (
				A35CFE332B4BEA45004BCFBB /* LocationActivationSearchView.swift */,
				A35CFE372B4BEE4C004BCFBB /* LocationSearchView.swift */,
				A35CFE392B4BF28A004BCFBB /* LocationSearchResultCell.swift */,
			);
			path = Views;
			sourceTree = "<group>";
		};
/* End PBXGroup section */

/* Begin PBXNativeTarget section */
		A35CFE082B4BBEC5004BCFBB /* UberSwift */ = {
			isa = PBXNativeTarget;
			buildConfigurationList = A35CFE182B4BBEC8004BCFBB /* Build configuration list for PBXNativeTarget "UberSwift" */;
			buildPhases = (
				A35CFE052B4BBEC5004BCFBB /* Sources */,
				A35CFE062B4BBEC5004BCFBB /* Frameworks */,
				A35CFE072B4BBEC5004BCFBB /* Resources */,
			);
			buildRules = (
			);
			dependencies = (
			);
			name = UberSwift;
			productName = UberSwift;
			productReference = A35CFE092B4BBEC5004BCFBB /* UberSwift.app */;
			productType = "com.apple.product-type.application";
		};
/* End PBXNativeTarget section */

/* Begin PBXProject section */
		A35CFE012B4BBEC5004BCFBB /* Project object */ = {
			isa = PBXProject;
			attributes = {
				BuildIndependentTargetsInParallel = 1;
				LastSwiftUpdateCheck = 1510;
				LastUpgradeCheck = 1510;
				TargetAttributes = {
					A35CFE082B4BBEC5004BCFBB = {
						CreatedOnToolsVersion = 15.1;
					};
				};
			};
			buildConfigurationList = A35CFE042B4BBEC5004BCFBB /* Build configuration list for PBXProject "UberSwift" */;
			compatibilityVersion = "Xcode 14.0";
			developmentRegion = en;
			hasScannedForEncodings = 0;
			knownRegions = (
				en,
				Base,
			);
			mainGroup = A35CFE002B4BBEC5004BCFBB;
			productRefGroup = A35CFE0A2B4BBEC5004BCFBB /* Products */;
			projectDirPath = "";
			projectRoot = "";
			targets = (
				A35CFE082B4BBEC5004BCFBB /* UberSwift */,
			);
		};
/* End PBXProject section */

/* Begin PBXResourcesBuildPhase section */
		A35CFE072B4BBEC5004BCFBB /* Resources */ = {
			isa = PBXResourcesBuildPhase;
			buildActionMask = 2147483647;
			files = (
				A35CFE152B4BBEC8004BCFBB /* Preview Assets.xcassets in Resources */,
				A35CFE112B4BBEC8004BCFBB /* Assets.xcassets in Resources */,
			);
			runOnlyForDeploymentPostprocessing = 0;
		};
/* End PBXResourcesBuildPhase section */

/* Begin PBXSourcesBuildPhase section */
		A35CFE052B4BBEC5004BCFBB /* Sources */ = {
			isa = PBXSourcesBuildPhase;
			buildActionMask = 2147483647;
			files = (
				A35CFE2A2B4BC6A2004BCFBB /* LocationManager.swift in Sources */,
				A35CFE342B4BEA45004BCFBB /* LocationActivationSearchView.swift in Sources */,
				A35CFE0D2B4BBEC5004BCFBB /* UberSwiftApp.swift in Sources */,
				A300BF1B2B4D5BD500DB2217 /* RideRequestView.swift in Sources */,
				A300BF162B4D3E4F00DB2217 /* MapViewState.swift in Sources */,
				A35CFE262B4BC24F004BCFBB /* HomeView.swift in Sources */,
				A35CFE312B4BEA28004BCFBB /* LocationSearchViewModel.swift in Sources */,
				A35CFE382B4BEE4C004BCFBB /* LocationSearchView.swift in Sources */,
				A35CFE3A2B4BF28A004BCFBB /* LocationSearchResultCell.swift in Sources */,
				A35CFE282B4BC2EF004BCFBB /* UberMapViewRepresentable.swift in Sources */,
				A35CFE362B4BED50004BCFBB /* MapViewActionButton.swift in Sources */,
			);
			runOnlyForDeploymentPostprocessing = 0;
		};
/* End PBXSourcesBuildPhase section */

/* Begin XCBuildConfiguration section */
		A35CFE162B4BBEC8004BCFBB /* Debug */ = {
			isa = XCBuildConfiguration;
			buildSettings = {
				ALWAYS_SEARCH_USER_PATHS = NO;
				ASSETCATALOG_COMPILER_GENERATE_SWIFT_ASSET_SYMBOL_EXTENSIONS = YES;
				CLANG_ANALYZER_NONNULL = YES;
				CLANG_ANALYZER_NUMBER_OBJECT_CONVERSION = YES_AGGRESSIVE;
				CLANG_CXX_LANGUAGE_STANDARD = "gnu++20";
				CLANG_ENABLE_MODULES = YES;
				CLANG_ENABLE_OBJC_ARC = YES;
				CLANG_ENABLE_OBJC_WEAK = YES;
				CLANG_WARN_BLOCK_CAPTURE_AUTORELEASING = YES;
				CLANG_WARN_BOOL_CONVERSION = YES;
				CLANG_WARN_COMMA = YES;
				CLANG_WARN_CONSTANT_CONVERSION = YES;
				CLANG_WARN_DEPRECATED_OBJC_IMPLEMENTATIONS = YES;
				CLANG_WARN_DIRECT_OBJC_ISA_USAGE = YES_ERROR;
				CLANG_WARN_DOCUMENTATION_COMMENTS = YES;
				CLANG_WARN_EMPTY_BODY = YES;
				CLANG_WARN_ENUM_CONVERSION = YES;
				CLANG_WARN_INFINITE_RECURSION = YES;
				CLANG_WARN_INT_CONVERSION = YES;
				CLANG_WARN_NON_LITERAL_NULL_CONVERSION = YES;
				CLANG_WARN_OBJC_IMPLICIT_RETAIN_SELF = YES;
				CLANG_WARN_OBJC_LITERAL_CONVERSION = YES;
				CLANG_WARN_OBJC_ROOT_CLASS = YES_ERROR;
				CLANG_WARN_QUOTED_INCLUDE_IN_FRAMEWORK_HEADER = YES;
				CLANG_WARN_RANGE_LOOP_ANALYSIS = YES;
				CLANG_WARN_STRICT_PROTOTYPES = YES;
				CLANG_WARN_SUSPICIOUS_MOVE = YES;
				CLANG_WARN_UNGUARDED_AVAILABILITY = YES_AGGRESSIVE;
				CLANG_WARN_UNREACHABLE_CODE = YES;
				CLANG_WARN__DUPLICATE_METHOD_MATCH = YES;
				COPY_PHASE_STRIP = NO;
				DEBUG_INFORMATION_FORMAT = dwarf;
				ENABLE_STRICT_OBJC_MSGSEND = YES;
				ENABLE_TESTABILITY = YES;
				ENABLE_USER_SCRIPT_SANDBOXING = YES;
				GCC_C_LANGUAGE_STANDARD = gnu17;
				GCC_DYNAMIC_NO_PIC = NO;
				GCC_NO_COMMON_BLOCKS = YES;
				GCC_OPTIMIZATION_LEVEL = 0;
				GCC_PREPROCESSOR_DEFINITIONS = (
					"DEBUG=1",
					"$(inherited)",
				);
				GCC_WARN_64_TO_32_BIT_CONVERSION = YES;
				GCC_WARN_ABOUT_RETURN_TYPE = YES_ERROR;
				GCC_WARN_UNDECLARED_SELECTOR = YES;
				GCC_WARN_UNINITIALIZED_AUTOS = YES_AGGRESSIVE;
				GCC_WARN_UNUSED_FUNCTION = YES;
				GCC_WARN_UNUSED_VARIABLE = YES;
				LOCALIZATION_PREFERS_STRING_CATALOGS = YES;
				MTL_ENABLE_DEBUG_INFO = INCLUDE_SOURCE;
				MTL_FAST_MATH = YES;
				ONLY_ACTIVE_ARCH = YES;
				SWIFT_ACTIVE_COMPILATION_CONDITIONS = "DEBUG $(inherited)";
				SWIFT_OPTIMIZATION_LEVEL = "-Onone";
			};
			name = Debug;
		};
		A35CFE172B4BBEC8004BCFBB /* Release */ = {
			isa = XCBuildConfiguration;
			buildSettings = {
				ALWAYS_SEARCH_USER_PATHS = NO;
				ASSETCATALOG_COMPILER_GENERATE_SWIFT_ASSET_SYMBOL_EXTENSIONS = YES;
				CLANG_ANALYZER_NONNULL = YES;
				CLANG_ANALYZER_NUMBER_OBJECT_CONVERSION = YES_AGGRESSIVE;
				CLANG_CXX_LANGUAGE_STANDARD = "gnu++20";
				CLANG_ENABLE_MODULES = YES;
				CLANG_ENABLE_OBJC_ARC = YES;
				CLANG_ENABLE_OBJC_WEAK = YES;
				CLANG_WARN_BLOCK_CAPTURE_AUTORELEASING = YES;
				CLANG_WARN_BOOL_CONVERSION = YES;
				CLANG_WARN_COMMA = YES;
				CLANG_WARN_CONSTANT_CONVERSION = YES;
				CLANG_WARN_DEPRECATED_OBJC_IMPLEMENTATIONS = YES;
				CLANG_WARN_DIRECT_OBJC_ISA_USAGE = YES_ERROR;
				CLANG_WARN_DOCUMENTATION_COMMENTS = YES;
				CLANG_WARN_EMPTY_BODY = YES;
				CLANG_WARN_ENUM_CONVERSION = YES;
				CLANG_WARN_INFINITE_RECURSION = YES;
				CLANG_WARN_INT_CONVERSION = YES;
				CLANG_WARN_NON_LITERAL_NULL_CONVERSION = YES;
				CLANG_WARN_OBJC_IMPLICIT_RETAIN_SELF = YES;
				CLANG_WARN_OBJC_LITERAL_CONVERSION = YES;
				CLANG_WARN_OBJC_ROOT_CLASS = YES_ERROR;
				CLANG_WARN_QUOTED_INCLUDE_IN_FRAMEWORK_HEADER = YES;
				CLANG_WARN_RANGE_LOOP_ANALYSIS = YES;
				CLANG_WARN_STRICT_PROTOTYPES = YES;
				CLANG_WARN_SUSPICIOUS_MOVE = YES;
				CLANG_WARN_UNGUARDED_AVAILABILITY = YES_AGGRESSIVE;
				CLANG_WARN_UNREACHABLE_CODE = YES;
				CLANG_WARN__DUPLICATE_METHOD_MATCH = YES;
				COPY_PHASE_STRIP = NO;
				DEBUG_INFORMATION_FORMAT = "dwarf-with-dsym";
				ENABLE_NS_ASSERTIONS = NO;
				ENABLE_STRICT_OBJC_MSGSEND = YES;
				ENABLE_USER_SCRIPT_SANDBOXING = YES;
				GCC_C_LANGUAGE_STANDARD = gnu17;
				GCC_NO_COMMON_BLOCKS = YES;
				GCC_WARN_64_TO_32_BIT_CONVERSION = YES;
				GCC_WARN_ABOUT_RETURN_TYPE = YES_ERROR;
				GCC_WARN_UNDECLARED_SELECTOR = YES;
				GCC_WARN_UNINITIALIZED_AUTOS = YES_AGGRESSIVE;
				GCC_WARN_UNUSED_FUNCTION = YES;
				GCC_WARN_UNUSED_VARIABLE = YES;
				LOCALIZATION_PREFERS_STRING_CATALOGS = YES;
				MTL_ENABLE_DEBUG_INFO = NO;
				MTL_FAST_MATH = YES;
				SWIFT_COMPILATION_MODE = wholemodule;
			};
			name = Release;
		};
		A35CFE192B4BBEC8004BCFBB /* Debug */ = {
			isa = XCBuildConfiguration;
			buildSettings = {
				ASSETCATALOG_COMPILER_APPICON_NAME = AppIcon;
				ASSETCATALOG_COMPILER_GLOBAL_ACCENT_COLOR_NAME = AccentColor;
				CODE_SIGN_ENTITLEMENTS = UberSwift/UberSwift.entitlements;
				CODE_SIGN_STYLE = Automatic;
				CURRENT_PROJECT_VERSION = 1;
				DEVELOPMENT_ASSET_PATHS = "\"UberSwift/Preview Content\"";
				DEVELOPMENT_TEAM = H8Q452Q9H8;
				ENABLE_HARDENED_RUNTIME = YES;
				ENABLE_PREVIEWS = YES;
				GENERATE_INFOPLIST_FILE = YES;
				INFOPLIST_KEY_NSLocationWhenInUseUsageDescription = "Please allow us to access your location to find you nearby drivers and rides";
				"INFOPLIST_KEY_UIApplicationSceneManifest_Generation[sdk=iphoneos*]" = YES;
				"INFOPLIST_KEY_UIApplicationSceneManifest_Generation[sdk=iphonesimulator*]" = YES;
				"INFOPLIST_KEY_UIApplicationSupportsIndirectInputEvents[sdk=iphoneos*]" = YES;
				"INFOPLIST_KEY_UIApplicationSupportsIndirectInputEvents[sdk=iphonesimulator*]" = YES;
				"INFOPLIST_KEY_UILaunchScreen_Generation[sdk=iphoneos*]" = YES;
				"INFOPLIST_KEY_UILaunchScreen_Generation[sdk=iphonesimulator*]" = YES;
				"INFOPLIST_KEY_UIStatusBarStyle[sdk=iphoneos*]" = UIStatusBarStyleDefault;
				"INFOPLIST_KEY_UIStatusBarStyle[sdk=iphonesimulator*]" = UIStatusBarStyleDefault;
				INFOPLIST_KEY_UISupportedInterfaceOrientations_iPad = "UIInterfaceOrientationPortrait UIInterfaceOrientationPortraitUpsideDown UIInterfaceOrientationLandscapeLeft UIInterfaceOrientationLandscapeRight";
				INFOPLIST_KEY_UISupportedInterfaceOrientations_iPhone = "UIInterfaceOrientationPortrait UIInterfaceOrientationLandscapeLeft UIInterfaceOrientationLandscapeRight";
				IPHONEOS_DEPLOYMENT_TARGET = 17.2;
				LD_RUNPATH_SEARCH_PATHS = "@executable_path/Frameworks";
				"LD_RUNPATH_SEARCH_PATHS[sdk=macosx*]" = "@executable_path/../Frameworks";
				MACOSX_DEPLOYMENT_TARGET = 14.2;
				MARKETING_VERSION = 1.0;
				PRODUCT_BUNDLE_IDENTIFIER = com.safiribyetes.UberSwift;
				PRODUCT_NAME = "$(TARGET_NAME)";
				SDKROOT = auto;
				SUPPORTED_PLATFORMS = "iphoneos iphonesimulator macosx";
				SWIFT_EMIT_LOC_STRINGS = YES;
				SWIFT_VERSION = 5.0;
				TARGETED_DEVICE_FAMILY = "1,2";
			};
			name = Debug;
		};
		A35CFE1A2B4BBEC8004BCFBB /* Release */ = {
			isa = XCBuildConfiguration;
			buildSettings = {
				ASSETCATALOG_COMPILER_APPICON_NAME = AppIcon;
				ASSETCATALOG_COMPILER_GLOBAL_ACCENT_COLOR_NAME = AccentColor;
				CODE_SIGN_ENTITLEMENTS = UberSwift/UberSwift.entitlements;
				CODE_SIGN_STYLE = Automatic;
				CURRENT_PROJECT_VERSION = 1;
				DEVELOPMENT_ASSET_PATHS = "\"UberSwift/Preview Content\"";
				DEVELOPMENT_TEAM = H8Q452Q9H8;
				ENABLE_HARDENED_RUNTIME = YES;
				ENABLE_PREVIEWS = YES;
				GENERATE_INFOPLIST_FILE = YES;
				INFOPLIST_KEY_NSLocationWhenInUseUsageDescription = "Please allow us to access your location to find you nearby drivers and rides";
				"INFOPLIST_KEY_UIApplicationSceneManifest_Generation[sdk=iphoneos*]" = YES;
				"INFOPLIST_KEY_UIApplicationSceneManifest_Generation[sdk=iphonesimulator*]" = YES;
				"INFOPLIST_KEY_UIApplicationSupportsIndirectInputEvents[sdk=iphoneos*]" = YES;
				"INFOPLIST_KEY_UIApplicationSupportsIndirectInputEvents[sdk=iphonesimulator*]" = YES;
				"INFOPLIST_KEY_UILaunchScreen_Generation[sdk=iphoneos*]" = YES;
				"INFOPLIST_KEY_UILaunchScreen_Generation[sdk=iphonesimulator*]" = YES;
				"INFOPLIST_KEY_UIStatusBarStyle[sdk=iphoneos*]" = UIStatusBarStyleDefault;
				"INFOPLIST_KEY_UIStatusBarStyle[sdk=iphonesimulator*]" = UIStatusBarStyleDefault;
				INFOPLIST_KEY_UISupportedInterfaceOrientations_iPad = "UIInterfaceOrientationPortrait UIInterfaceOrientationPortraitUpsideDown UIInterfaceOrientationLandscapeLeft UIInterfaceOrientationLandscapeRight";
				INFOPLIST_KEY_UISupportedInterfaceOrientations_iPhone = "UIInterfaceOrientationPortrait UIInterfaceOrientationLandscapeLeft UIInterfaceOrientationLandscapeRight";
				IPHONEOS_DEPLOYMENT_TARGET = 17.2;
				LD_RUNPATH_SEARCH_PATHS = "@executable_path/Frameworks";
				"LD_RUNPATH_SEARCH_PATHS[sdk=macosx*]" = "@executable_path/../Frameworks";
				MACOSX_DEPLOYMENT_TARGET = 14.2;
				MARKETING_VERSION = 1.0;
				PRODUCT_BUNDLE_IDENTIFIER = com.safiribyetes.UberSwift;
				PRODUCT_NAME = "$(TARGET_NAME)";
				SDKROOT = auto;
				SUPPORTED_PLATFORMS = "iphoneos iphonesimulator macosx";
				SWIFT_EMIT_LOC_STRINGS = YES;
				SWIFT_VERSION = 5.0;
				TARGETED_DEVICE_FAMILY = "1,2";
			};
			name = Release;
		};
/* End XCBuildConfiguration section */

/* Begin XCConfigurationList section */
		A35CFE042B4BBEC5004BCFBB /* Build configuration list for PBXProject "UberSwift" */ = {
			isa = XCConfigurationList;
			buildConfigurations = (
				A35CFE162B4BBEC8004BCFBB /* Debug */,
				A35CFE172B4BBEC8004BCFBB /* Release */,
			);
			defaultConfigurationIsVisible = 0;
			defaultConfigurationName = Release;
		};
		A35CFE182B4BBEC8004BCFBB /* Build configuration list for PBXNativeTarget "UberSwift" */ = {
			isa = XCConfigurationList;
			buildConfigurations = (
				A35CFE192B4BBEC8004BCFBB /* Debug */,
				A35CFE1A2B4BBEC8004BCFBB /* Release */,
			);
			defaultConfigurationIsVisible = 0;
			defaultConfigurationName = Release;
		};
/* End XCConfigurationList section */
	};
	rootObject = A35CFE012B4BBEC5004BCFBB /* Project object */;
}
